# THIS IS AN AUTOGENERATED FILE. DO NOT EDIT THIS FILE DIRECTLY.
# yarn lockfile v1


"@openzeppelin/contracts-upgradeable@^4.7.0":
  version "4.9.2"
  resolved "https://registry.npmjs.org/@openzeppelin/contracts-upgradeable/-/contracts-upgradeable-4.9.2.tgz"
  integrity sha512-siviV3PZV/fHfPaoIC51rf1Jb6iElkYWnNYZ0leO23/ukXuvOyoC/ahy8jqiV7g+++9Nuo3n/rk5ajSN/+d/Sg==

"@openzeppelin/contracts@^4.5.0":
  version "4.9.6"
  resolved "https://registry.npmjs.org/@openzeppelin/contracts/-/contracts-4.9.6.tgz"
  integrity sha512-xSmezSupL+y9VkHZJGDoCBpmnB2ogM13ccaYDWqJTfS3dbuHkgjuwDFUmaFauBCboQMGB/S5UqUl2y54X99BmA==
